
Microsoft Visual Studio Solution File, Format Version 12.00
# Visual Studio Version 17
VisualStudioVersion = 17.11.35327.3
MinimumVisualStudioVersion = 10.0.40219.1
Project("{F2A71F9B-5D33-465A-A702-920D77279786}") = "Zadanie3", "Zadanie3\Zadanie3.fsproj", "{6056D323-6226-4DAE-889D-504EE0D4346A}"
EndProject
Global
	GlobalSection(SolutionConfigurationPlatforms) = preSolution
		Debug|Any CPU = Debug|Any CPU
		Release|Any CPU = Release|Any CPU
	EndGlobalSection
	GlobalSection(ProjectConfigurationPlatforms) = postSolution
		{6056D323-6226-4DAE-889D-504EE0D4346A}.Debug|Any CPU.ActiveCfg = Debug|Any CPU
		{6056D323-6226-4DAE-889D-504EE0D4346A}.Debug|Any CPU.Build.0 = Debug|Any CPU
		{6056D323-6226-4DAE-889D-504EE0D4346A}.Release|Any CPU.ActiveCfg = Release|Any CPU
		{6056D323-6226-4DAE-889D-504EE0D4346A}.Release|Any CPU.Build.0 = Release|Any CPU
	EndGlobalSection
	GlobalSection(SolutionProperties) = preSolution
		HideSolutionNode = FALSE
	EndGlobalSection
	GlobalSection(ExtensibilityGlobals) = postSolution
		SolutionGuid = {05DBEF46-5F35-42A1-92D9-F2CBF1D384C7}
	EndGlobalSection
EndGlobal
