
Microsoft Visual Studio Solution File, Format Version 12.00
# Visual Studio Version 17
VisualStudioVersion = 17.11.35327.3
MinimumVisualStudioVersion = 10.0.40219.1
Project("{F2A71F9B-5D33-465A-A702-920D77279786}") = "Zadanie4", "Zadanie4\Zadanie4.fsproj", "{A9DBC855-6ED8-48B2-898E-251025260BA5}"
EndProject
Global
	GlobalSection(SolutionConfigurationPlatforms) = preSolution
		Debug|Any CPU = Debug|Any CPU
		Release|Any CPU = Release|Any CPU
	EndGlobalSection
	GlobalSection(ProjectConfigurationPlatforms) = postSolution
		{A9DBC855-6ED8-48B2-898E-251025260BA5}.Debug|Any CPU.ActiveCfg = Debug|Any CPU
		{A9DBC855-6ED8-48B2-898E-251025260BA5}.Debug|Any CPU.Build.0 = Debug|Any CPU
		{A9DBC855-6ED8-48B2-898E-251025260BA5}.Release|Any CPU.ActiveCfg = Release|Any CPU
		{A9DBC855-6ED8-48B2-898E-251025260BA5}.Release|Any CPU.Build.0 = Release|Any CPU
	EndGlobalSection
	GlobalSection(SolutionProperties) = preSolution
		HideSolutionNode = FALSE
	EndGlobalSection
	GlobalSection(ExtensibilityGlobals) = postSolution
		SolutionGuid = {06EBAB4F-7910-4F65-ACD3-9515B08DCC08}
	EndGlobalSection
EndGlobal
