
Microsoft Visual Studio Solution File, Format Version 12.00
# Visual Studio Version 17
VisualStudioVersion = 17.11.35327.3
MinimumVisualStudioVersion = 10.0.40219.1
Project("{F2A71F9B-5D33-465A-A702-920D77279786}") = "Zadanie2", "Zadanie2\Zadanie2.fsproj", "{A96CD18B-493E-4430-B546-6E3736BEF6A4}"
EndProject
Global
	GlobalSection(SolutionConfigurationPlatforms) = preSolution
		Debug|Any CPU = Debug|Any CPU
		Release|Any CPU = Release|Any CPU
	EndGlobalSection
	GlobalSection(ProjectConfigurationPlatforms) = postSolution
		{A96CD18B-493E-4430-B546-6E3736BEF6A4}.Debug|Any CPU.ActiveCfg = Debug|Any CPU
		{A96CD18B-493E-4430-B546-6E3736BEF6A4}.Debug|Any CPU.Build.0 = Debug|Any CPU
		{A96CD18B-493E-4430-B546-6E3736BEF6A4}.Release|Any CPU.ActiveCfg = Release|Any CPU
		{A96CD18B-493E-4430-B546-6E3736BEF6A4}.Release|Any CPU.Build.0 = Release|Any CPU
	EndGlobalSection
	GlobalSection(SolutionProperties) = preSolution
		HideSolutionNode = FALSE
	EndGlobalSection
	GlobalSection(ExtensibilityGlobals) = postSolution
		SolutionGuid = {AC6DD127-E77B-4FD0-BE93-2AD9A0C934C3}
	EndGlobalSection
EndGlobal
