
Microsoft Visual Studio Solution File, Format Version 12.00
# Visual Studio Version 17
VisualStudioVersion = 17.11.35327.3
MinimumVisualStudioVersion = 10.0.40219.1
Project("{F2A71F9B-5D33-465A-A702-920D77279786}") = "Zadanie1", "Zadanie1\Zadanie1.fsproj", "{CF193459-44C8-4CC1-8E90-592CC608A467}"
EndProject
Global
	GlobalSection(SolutionConfigurationPlatforms) = preSolution
		Debug|Any CPU = Debug|Any CPU
		Release|Any CPU = Release|Any CPU
	EndGlobalSection
	GlobalSection(ProjectConfigurationPlatforms) = postSolution
		{CF193459-44C8-4CC1-8E90-592CC608A467}.Debug|Any CPU.ActiveCfg = Debug|Any CPU
		{CF193459-44C8-4CC1-8E90-592CC608A467}.Debug|Any CPU.Build.0 = Debug|Any CPU
		{CF193459-44C8-4CC1-8E90-592CC608A467}.Release|Any CPU.ActiveCfg = Release|Any CPU
		{CF193459-44C8-4CC1-8E90-592CC608A467}.Release|Any CPU.Build.0 = Release|Any CPU
	EndGlobalSection
	GlobalSection(SolutionProperties) = preSolution
		HideSolutionNode = FALSE
	EndGlobalSection
	GlobalSection(ExtensibilityGlobals) = postSolution
		SolutionGuid = {80616A90-D9D5-4D03-8502-170AE3D5607C}
	EndGlobalSection
EndGlobal
